
Microsoft Visual Studio Solution File, Format Version 12.00
# Visual Studio Version 17
VisualStudioVersion = 17.5.002.0
MinimumVisualStudioVersion = 10.0.40219.1
Project("{9A19103F-16F7-4668-BE54-9A1E7A4F7556}") = "Oppgave", "Oppgave.csproj", "{17717CEC-DFD6-4FE5-81ED-F4485FDEAE68}"
EndProject
Global
	GlobalSection(SolutionConfigurationPlatforms) = preSolution
		Debug|Any CPU = Debug|Any CPU
		Release|Any CPU = Release|Any CPU
	EndGlobalSection
	GlobalSection(ProjectConfigurationPlatforms) = postSolution
		{17717CEC-DFD6-4FE5-81ED-F4485FDEAE68}.Debug|Any CPU.ActiveCfg = Debug|Any CPU
		{17717CEC-DFD6-4FE5-81ED-F4485FDEAE68}.Debug|Any CPU.Build.0 = Debug|Any CPU
		{17717CEC-DFD6-4FE5-81ED-F4485FDEAE68}.Release|Any CPU.ActiveCfg = Release|Any CPU
		{17717CEC-DFD6-4FE5-81ED-F4485FDEAE68}.Release|Any CPU.Build.0 = Release|Any CPU
	EndGlobalSection
	GlobalSection(SolutionProperties) = preSolution
		HideSolutionNode = FALSE
	EndGlobalSection
	GlobalSection(ExtensibilityGlobals) = postSolution
		SolutionGuid = {68283DF0-4314-44CD-BC91-EBD621BD0F0C}
	EndGlobalSection
EndGlobal
